// !$*UTF8*$!
{
	archiveVersion = 1;
	classes = {
	};
	objectVersion = 46;
	objects = {

/* Begin PBXBuildFile section */
		D3C928691DB96DB6000C60CF /* FeedViewController.swift in Sources */ = {isa = PBXBuildFile; fileRef = D3C928681DB96DB6000C60CF /* FeedViewController.swift */; };
		D3C9286B1DB96EBC000C60CF /* PhotoViewController.swift in Sources */ = {isa = PBXBuildFile; fileRef = D3C9286A1DB96EBC000C60CF /* PhotoViewController.swift */; };
		D3C9286E1DB993E9000C60CF /* BaseTransition.swift in Sources */ = {isa = PBXBuildFile; fileRef = D3C9286C1DB993E9000C60CF /* BaseTransition.swift */; };
		D3C9286F1DB993E9000C60CF /* FadeTransition.swift in Sources */ = {isa = PBXBuildFile; fileRef = D3C9286D1DB993E9000C60CF /* FadeTransition.swift */; };
		D3C928711DBACB45000C60CF /* FirstTransition.swift in Sources */ = {isa = PBXBuildFile; fileRef = D3C928701DBACB45000C60CF /* FirstTransition.swift */; };
		D3DE14CD1D94643000153D44 /* AppDelegate.swift in Sources */ = {isa = PBXBuildFile; fileRef = D3DE14CC1D94643000153D44 /* AppDelegate.swift */; };
		D3DE14CF1D94643000153D44 /* ViewController.swift in Sources */ = {isa = PBXBuildFile; fileRef = D3DE14CE1D94643000153D44 /* ViewController.swift */; };
		D3DE14D21D94643000153D44 /* Main.storyboard in Resources */ = {isa = PBXBuildFile; fileRef = D3DE14D01D94643000153D44 /* Main.storyboard */; };
		D3DE14D41D94643000153D44 /* Assets.xcassets in Resources */ = {isa = PBXBuildFile; fileRef = D3DE14D31D94643000153D44 /* Assets.xcassets */; };
		D3DE14D71D94643000153D44 /* LaunchScreen.storyboard in Resources */ = {isa = PBXBuildFile; fileRef = D3DE14D51D94643000153D44 /* LaunchScreen.storyboard */; };
		D3DE14E21D94643100153D44 /* Class_02Tests.swift in Sources */ = {isa = PBXBuildFile; fileRef = D3DE14E11D94643100153D44 /* Class_02Tests.swift */; };
		D3DE14ED1D94643100153D44 /* Class_02UITests.swift in Sources */ = {isa = PBXBuildFile; fileRef = D3DE14EC1D94643100153D44 /* Class_02UITests.swift */; };
/* End PBXBuildFile section */

/* Begin PBXContainerItemProxy section */
		D3DE14DE1D94643100153D44 /* PBXContainerItemProxy */ = {
			isa = PBXContainerItemProxy;
			containerPortal = D3DE14C11D94643000153D44 /* Project object */;
			proxyType = 1;
			remoteGlobalIDString = D3DE14C81D94643000153D44;
			remoteInfo = "Class 02";
		};
		D3DE14E91D94643100153D44 /* PBXContainerItemProxy */ = {
			isa = PBXContainerItemProxy;
			containerPortal = D3DE14C11D94643000153D44 /* Project object */;
			proxyType = 1;
			remoteGlobalIDString = D3DE14C81D94643000153D44;
			remoteInfo = "Class 02";
		};
/* End PBXContainerItemProxy section */

/* Begin PBXFileReference section */
		D3C928681DB96DB6000C60CF /* FeedViewController.swift */ = {isa = PBXFileReference; fileEncoding = 4; lastKnownFileType = sourcecode.swift; path = FeedViewController.swift; sourceTree = "<group>"; };
		D3C9286A1DB96EBC000C60CF /* PhotoViewController.swift */ = {isa = PBXFileReference; fileEncoding = 4; lastKnownFileType = sourcecode.swift; name = PhotoViewController.swift; path = ../PhotoViewController.swift; sourceTree = "<group>"; };
		D3C9286C1DB993E9000C60CF /* BaseTransition.swift */ = {isa = PBXFileReference; fileEncoding = 4; lastKnownFileType = sourcecode.swift; path = BaseTransition.swift; sourceTree = "<group>"; };
		D3C9286D1DB993E9000C60CF /* FadeTransition.swift */ = {isa = PBXFileReference; fileEncoding = 4; lastKnownFileType = sourcecode.swift; path = FadeTransition.swift; sourceTree = "<group>"; };
		D3C928701DBACB45000C60CF /* FirstTransition.swift */ = {isa = PBXFileReference; fileEncoding = 4; lastKnownFileType = sourcecode.swift; path = FirstTransition.swift; sourceTree = "<group>"; };
		D3DE14C91D94643000153D44 /* Class 02.app */ = {isa = PBXFileReference; explicitFileType = wrapper.application; includeInIndex = 0; path = "Class 02.app"; sourceTree = BUILT_PRODUCTS_DIR; };
		D3DE14CC1D94643000153D44 /* AppDelegate.swift */ = {isa = PBXFileReference; lastKnownFileType = sourcecode.swift; path = AppDelegate.swift; sourceTree = "<group>"; };
		D3DE14CE1D94643000153D44 /* ViewController.swift */ = {isa = PBXFileReference; lastKnownFileType = sourcecode.swift; path = ViewController.swift; sourceTree = "<group>"; };
		D3DE14D11D94643000153D44 /* Base */ = {isa = PBXFileReference; lastKnownFileType = file.storyboard; name = Base; path = Base.lproj/Main.storyboard; sourceTree = "<group>"; };
		D3DE14D31D94643000153D44 /* Assets.xcassets */ = {isa = PBXFileReference; lastKnownFileType = folder.assetcatalog; path = Assets.xcassets; sourceTree = "<group>"; };
		D3DE14D61D94643000153D44 /* Base */ = {isa = PBXFileReference; lastKnownFileType = file.storyboard; name = Base; path = Base.lproj/LaunchScreen.storyboard; sourceTree = "<group>"; };
		D3DE14D81D94643000153D44 /* Info.plist */ = {isa = PBXFileReference; lastKnownFileType = text.plist.xml; path = Info.plist; sourceTree = "<group>"; };
		D3DE14DD1D94643100153D44 /* Class 02Tests.xctest */ = {isa = PBXFileReference; explicitFileType = wrapper.cfbundle; includeInIndex = 0; path = "Class 02Tests.xctest"; sourceTree = BUILT_PRODUCTS_DIR; };
		D3DE14E11D94643100153D44 /* Class_02Tests.swift */ = {isa = PBXFileReference; lastKnownFileType = sourcecode.swift; path = Class_02Tests.swift; sourceTree = "<group>"; };
		D3DE14E31D94643100153D44 /* Info.plist */ = {isa = PBXFileReference; lastKnownFileType = text.plist.xml; path = Info.plist; sourceTree = "<group>"; };
		D3DE14E81D94643100153D44 /* Class 02UITests.xctest */ = {isa = PBXFileReference; explicitFileType = wrapper.cfbundle; includeInIndex = 0; path = "Class 02UITests.xctest"; sourceTree = BUILT_PRODUCTS_DIR; };
		D3DE14EC1D94643100153D44 /* Class_02UITests.swift */ = {isa = PBXFileReference; lastKnownFileType = sourcecode.swift; path = Class_02UITests.swift; sourceTree = "<group>"; };
		D3DE14EE1D94643100153D44 /* Info.plist */ = {isa = PBXFileReference; lastKnownFileType = text.plist.xml; path = Info.plist; sourceTree = "<group>"; };
/* End PBXFileReference section */

/* Begin PBXFrameworksBuildPhase section */
		D3DE14C61D94643000153D44 /* Frameworks */ = {
			isa = PBXFrameworksBuildPhase;
			buildActionMask = 2147483647;
			files = (
			);
			runOnlyForDeploymentPostprocessing = 0;
		};
		D3DE14DA1D94643100153D44 /* Frameworks */ = {
			isa = PBXFrameworksBuildPhase;
			buildActionMask = 2147483647;
			files = (
			);
			runOnlyForDeploymentPostprocessing = 0;
		};
		D3DE14E51D94643100153D44 /* Frameworks */ = {
			isa = PBXFrameworksBuildPhase;
			buildActionMask = 2147483647;
			files = (
			);
			runOnlyForDeploymentPostprocessing = 0;
		};
/* End PBXFrameworksBuildPhase section */

/* Begin PBXGroup section */
		D3DE14C01D94643000153D44 = {
			isa = PBXGroup;
			children = (
				D3DE14CB1D94643000153D44 /* Class 02 */,
				D3DE14E01D94643100153D44 /* Class 02Tests */,
				D3DE14EB1D94643100153D44 /* Class 02UITests */,
				D3DE14CA1D94643000153D44 /* Products */,
			);
			sourceTree = "<group>";
		};
		D3DE14CA1D94643000153D44 /* Products */ = {
			isa = PBXGroup;
			children = (
				D3DE14C91D94643000153D44 /* Class 02.app */,
				D3DE14DD1D94643100153D44 /* Class 02Tests.xctest */,
				D3DE14E81D94643100153D44 /* Class 02UITests.xctest */,
			);
			name = Products;
			sourceTree = "<group>";
		};
		D3DE14CB1D94643000153D44 /* Class 02 */ = {
			isa = PBXGroup;
			children = (
				D3DE14CC1D94643000153D44 /* AppDelegate.swift */,
				D3DE14CE1D94643000153D44 /* ViewController.swift */,
				D3DE14D01D94643000153D44 /* Main.storyboard */,
				D3C9286C1DB993E9000C60CF /* BaseTransition.swift */,
				D3C9286D1DB993E9000C60CF /* FadeTransition.swift */,
				D3C928701DBACB45000C60CF /* FirstTransition.swift */,
				D3DE14D31D94643000153D44 /* Assets.xcassets */,
				D3C928681DB96DB6000C60CF /* FeedViewController.swift */,
				D3C9286A1DB96EBC000C60CF /* PhotoViewController.swift */,
				D3DE14D51D94643000153D44 /* LaunchScreen.storyboard */,
				D3DE14D81D94643000153D44 /* Info.plist */,
			);
			path = "Class 02";
			sourceTree = "<group>";
		};
		D3DE14E01D94643100153D44 /* Class 02Tests */ = {
			isa = PBXGroup;
			children = (
				D3DE14E11D94643100153D44 /* Class_02Tests.swift */,
				D3DE14E31D94643100153D44 /* Info.plist */,
			);
			path = "Class 02Tests";
			sourceTree = "<group>";
		};
		D3DE14EB1D94643100153D44 /* Class 02UITests */ = {
			isa = PBXGroup;
			children = (
				D3DE14EC1D94643100153D44 /* Class_02UITests.swift */,
				D3DE14EE1D94643100153D44 /* Info.plist */,
			);
			path = "Class 02UITests";
			sourceTree = "<group>";
		};
/* End PBXGroup section */

/* Begin PBXNativeTarget section */
		D3DE14C81D94643000153D44 /* Class 02 */ = {
			isa = PBXNativeTarget;
			buildConfigurationList = D3DE14F11D94643100153D44 /* Build configuration list for PBXNativeTarget "Class 02" */;
			buildPhases = (
				D3DE14C51D94643000153D44 /* Sources */,
				D3DE14C61D94643000153D44 /* Frameworks */,
				D3DE14C71D94643000153D44 /* Resources */,
			);
			buildRules = (
			);
			dependencies = (
			);
			name = "Class 02";
			productName = "Class 02";
			productReference = D3DE14C91D94643000153D44 /* Class 02.app */;
			productType = "com.apple.product-type.application";
		};
		D3DE14DC1D94643100153D44 /* Class 02Tests */ = {
			isa = PBXNativeTarget;
			buildConfigurationList = D3DE14F41D94643100153D44 /* Build configuration list for PBXNativeTarget "Class 02Tests" */;
			buildPhases = (
				D3DE14D91D94643100153D44 /* Sources */,
				D3DE14DA1D94643100153D44 /* Frameworks */,
				D3DE14DB1D94643100153D44 /* Resources */,
			);
			buildRules = (
			);
			dependencies = (
				D3DE14DF1D94643100153D44 /* PBXTargetDependency */,
			);
			name = "Class 02Tests";
			productName = "Class 02Tests";
			productReference = D3DE14DD1D94643100153D44 /* Class 02Tests.xctest */;
			productType = "com.apple.product-type.bundle.unit-test";
		};
		D3DE14E71D94643100153D44 /* Class 02UITests */ = {
			isa = PBXNativeTarget;
			buildConfigurationList = D3DE14F71D94643100153D44 /* Build configuration list for PBXNativeTarget "Class 02UITests" */;
			buildPhases = (
				D3DE14E41D94643100153D44 /* Sources */,
				D3DE14E51D94643100153D44 /* Frameworks */,
				D3DE14E61D94643100153D44 /* Resources */,
			);
			buildRules = (
			);
			dependencies = (
				D3DE14EA1D94643100153D44 /* PBXTargetDependency */,
			);
			name = "Class 02UITests";
			productName = "Class 02UITests";
			productReference = D3DE14E81D94643100153D44 /* Class 02UITests.xctest */;
			productType = "com.apple.product-type.bundle.ui-testing";
		};
/* End PBXNativeTarget section */

/* Begin PBXProject section */
		D3DE14C11D94643000153D44 /* Project object */ = {
			isa = PBXProject;
			attributes = {
				LastSwiftUpdateCheck = 0800;
				LastUpgradeCheck = 0800;
				ORGANIZATIONNAME = "Kyo Kim";
				TargetAttributes = {
					D3DE14C81D94643000153D44 = {
						CreatedOnToolsVersion = 8.0;
						ProvisioningStyle = Automatic;
					};
					D3DE14DC1D94643100153D44 = {
						CreatedOnToolsVersion = 8.0;
						ProvisioningStyle = Automatic;
						TestTargetID = D3DE14C81D94643000153D44;
					};
					D3DE14E71D94643100153D44 = {
						CreatedOnToolsVersion = 8.0;
						ProvisioningStyle = Automatic;
						TestTargetID = D3DE14C81D94643000153D44;
					};
				};
			};
			buildConfigurationList = D3DE14C41D94643000153D44 /* Build configuration list for PBXProject "Class 02" */;
			compatibilityVersion = "Xcode 3.2";
			developmentRegion = English;
			hasScannedForEncodings = 0;
			knownRegions = (
				en,
				Base,
			);
			mainGroup = D3DE14C01D94643000153D44;
			productRefGroup = D3DE14CA1D94643000153D44 /* Products */;
			projectDirPath = "";
			projectRoot = "";
			targets = (
				D3DE14C81D94643000153D44 /* Class 02 */,
				D3DE14DC1D94643100153D44 /* Class 02Tests */,
				D3DE14E71D94643100153D44 /* Class 02UITests */,
			);
		};
/* End PBXProject section */

/* Begin PBXResourcesBuildPhase section */
		D3DE14C71D94643000153D44 /* Resources */ = {
			isa = PBXResourcesBuildPhase;
			buildActionMask = 2147483647;
			files = (
				D3DE14D71D94643000153D44 /* LaunchScreen.storyboard in Resources */,
				D3DE14D41D94643000153D44 /* Assets.xcassets in Resources */,
				D3DE14D21D94643000153D44 /* Main.storyboard in Resources */,
			);
			runOnlyForDeploymentPostprocessing = 0;
		};
		D3DE14DB1D94643100153D44 /* Resources */ = {
			isa = PBXResourcesBuildPhase;
			buildActionMask = 2147483647;
			files = (
			);
			runOnlyForDeploymentPostprocessing = 0;
		};
		D3DE14E61D94643100153D44 /* Resources */ = {
			isa = PBXResourcesBuildPhase;
			buildActionMask = 2147483647;
			files = (
			);
			runOnlyForDeploymentPostprocessing = 0;
		};
/* End PBXResourcesBuildPhase section */

/* Begin PBXSourcesBuildPhase section */
		D3DE14C51D94643000153D44 /* Sources */ = {
			isa = PBXSourcesBuildPhase;
			buildActionMask = 2147483647;
			files = (
				D3DE14CF1D94643000153D44 /* ViewController.swift in Sources */,
				D3C9286E1DB993E9000C60CF /* BaseTransition.swift in Sources */,
				D3C9286B1DB96EBC000C60CF /* PhotoViewController.swift in Sources */,
				D3C928691DB96DB6000C60CF /* FeedViewController.swift in Sources */,
				D3C9286F1DB993E9000C60CF /* FadeTransition.swift in Sources */,
				D3C928711DBACB45000C60CF /* FirstTransition.swift in Sources */,
				D3DE14CD1D94643000153D44 /* AppDelegate.swift in Sources */,
			);
			runOnlyForDeploymentPostprocessing = 0;
		};
		D3DE14D91D94643100153D44 /* Sources */ = {
			isa = PBXSourcesBuildPhase;
			buildActionMask = 2147483647;
			files = (
				D3DE14E21D94643100153D44 /* Class_02Tests.swift in Sources */,
			);
			runOnlyForDeploymentPostprocessing = 0;
		};
		D3DE14E41D94643100153D44 /* Sources */ = {
			isa = PBXSourcesBuildPhase;
			buildActionMask = 2147483647;
			files = (
				D3DE14ED1D94643100153D44 /* Class_02UITests.swift in Sources */,
			);
			runOnlyForDeploymentPostprocessing = 0;
		};
/* End PBXSourcesBuildPhase section */

/* Begin PBXTargetDependency section */
		D3DE14DF1D94643100153D44 /* PBXTargetDependency */ = {
			isa = PBXTargetDependency;
			target = D3DE14C81D94643000153D44 /* Class 02 */;
			targetProxy = D3DE14DE1D94643100153D44 /* PBXContainerItemProxy */;
		};
		D3DE14EA1D94643100153D44 /* PBXTargetDependency */ = {
			isa = PBXTargetDependency;
			target = D3DE14C81D94643000153D44 /* Class 02 */;
			targetProxy = D3DE14E91D94643100153D44 /* PBXContainerItemProxy */;
		};
/* End PBXTargetDependency section */

/* Begin PBXVariantGroup section */
		D3DE14D01D94643000153D44 /* Main.storyboard */ = {
			isa = PBXVariantGroup;
			children = (
				D3DE14D11D94643000153D44 /* Base */,
			);
			name = Main.storyboard;
			sourceTree = "<group>";
		};
		D3DE14D51D94643000153D44 /* LaunchScreen.storyboard */ = {
			isa = PBXVariantGroup;
			children = (
				D3DE14D61D94643000153D44 /* Base */,
			);
			name = LaunchScreen.storyboard;
			sourceTree = "<group>";
		};
/* End PBXVariantGroup section */

/* Begin XCBuildConfiguration section */
		D3DE14EF1D94643100153D44 /* Debug */ = {
			isa = XCBuildConfiguration;
			buildSettings = {
				ALWAYS_SEARCH_USER_PATHS = NO;
				CLANG_ANALYZER_NONNULL = YES;
				CLANG_CXX_LANGUAGE_STANDARD = "gnu++0x";
				CLANG_CXX_LIBRARY = "libc++";
				CLANG_ENABLE_MODULES = YES;
				CLANG_ENABLE_OBJC_ARC = YES;
				CLANG_WARN_BOOL_CONVERSION = YES;
				CLANG_WARN_CONSTANT_CONVERSION = YES;
				CLANG_WARN_DIRECT_OBJC_ISA_USAGE = YES_ERROR;
				CLANG_WARN_DOCUMENTATION_COMMENTS = YES;
				CLANG_WARN_EMPTY_BODY = YES;
				CLANG_WARN_ENUM_CONVERSION = YES;
				CLANG_WARN_INFINITE_RECURSION = YES;
				CLANG_WARN_INT_CONVERSION = YES;
				CLANG_WARN_OBJC_ROOT_CLASS = YES_ERROR;
				CLANG_WARN_SUSPICIOUS_MOVES = YES;
				CLANG_WARN_UNREACHABLE_CODE = YES;
				CLANG_WARN__DUPLICATE_METHOD_MATCH = YES;
				"CODE_SIGN_IDENTITY[sdk=iphoneos*]" = "iPhone Developer";
				COPY_PHASE_STRIP = NO;
				DEBUG_INFORMATION_FORMAT = dwarf;
				ENABLE_STRICT_OBJC_MSGSEND = YES;
				ENABLE_TESTABILITY = YES;
				GCC_C_LANGUAGE_STANDARD = gnu99;
				GCC_DYNAMIC_NO_PIC = NO;
				GCC_NO_COMMON_BLOCKS = YES;
				GCC_OPTIMIZATION_LEVEL = 0;
				GCC_PREPROCESSOR_DEFINITIONS = (
					"DEBUG=1",
					"$(inherited)",
				);
				GCC_WARN_64_TO_32_BIT_CONVERSION = YES;
				GCC_WARN_ABOUT_RETURN_TYPE = YES_ERROR;
				GCC_WARN_UNDECLARED_SELECTOR = YES;
				GCC_WARN_UNINITIALIZED_AUTOS = YES_AGGRESSIVE;
				GCC_WARN_UNUSED_FUNCTION = YES;
				GCC_WARN_UNUSED_VARIABLE = YES;
				IPHONEOS_DEPLOYMENT_TARGET = 10.0;
				MTL_ENABLE_DEBUG_INFO = YES;
				ONLY_ACTIVE_ARCH = YES;
				SDKROOT = iphoneos;
				SWIFT_ACTIVE_COMPILATION_CONDITIONS = DEBUG;
				SWIFT_OPTIMIZATION_LEVEL = "-Onone";
			};
			name = Debug;
		};
		D3DE14F01D94643100153D44 /* Release */ = {
			isa = XCBuildConfiguration;
			buildSettings = {
				ALWAYS_SEARCH_USER_PATHS = NO;
				CLANG_ANALYZER_NONNULL = YES;
				CLANG_CXX_LANGUAGE_STANDARD = "gnu++0x";
				CLANG_CXX_LIBRARY = "libc++";
				CLANG_ENABLE_MODULES = YES;
				CLANG_ENABLE_OBJC_ARC = YES;
				CLANG_WARN_BOOL_CONVERSION = YES;
				CLANG_WARN_CONSTANT_CONVERSION = YES;
				CLANG_WARN_DIRECT_OBJC_ISA_USAGE = YES_ERROR;
				CLANG_WARN_DOCUMENTATION_COMMENTS = YES;
				CLANG_WARN_EMPTY_BODY = YES;
				CLANG_WARN_ENUM_CONVERSION = YES;
				CLANG_WARN_INFINITE_RECURSION = YES;
				CLANG_WARN_INT_CONVERSION = YES;
				CLANG_WARN_OBJC_ROOT_CLASS = YES_ERROR;
				CLANG_WARN_SUSPICIOUS_MOVES = YES;
				CLANG_WARN_UNREACHABLE_CODE = YES;
				CLANG_WARN__DUPLICATE_METHOD_MATCH = YES;
				"CODE_SIGN_IDENTITY[sdk=iphoneos*]" = "iPhone Developer";
				COPY_PHASE_STRIP = NO;
				DEBUG_INFORMATION_FORMAT = "dwarf-with-dsym";
				ENABLE_NS_ASSERTIONS = NO;
				ENABLE_STRICT_OBJC_MSGSEND = YES;
				GCC_C_LANGUAGE_STANDARD = gnu99;
				GCC_NO_COMMON_BLOCKS = YES;
				GCC_WARN_64_TO_32_BIT_CONVERSION = YES;
				GCC_WARN_ABOUT_RETURN_TYPE = YES_ERROR;
				GCC_WARN_UNDECLARED_SELECTOR = YES;
				GCC_WARN_UNINITIALIZED_AUTOS = YES_AGGRESSIVE;
				GCC_WARN_UNUSED_FUNCTION = YES;
				GCC_WARN_UNUSED_VARIABLE = YES;
				IPHONEOS_DEPLOYMENT_TARGET = 10.0;
				MTL_ENABLE_DEBUG_INFO = NO;
				SDKROOT = iphoneos;
				SWIFT_OPTIMIZATION_LEVEL = "-Owholemodule";
				VALIDATE_PRODUCT = YES;
			};
			name = Release;
		};
		D3DE14F21D94643100153D44 /* Debug */ = {
			isa = XCBuildConfiguration;
			buildSettings = {
				ASSETCATALOG_COMPILER_APPICON_NAME = AppIcon;
				INFOPLIST_FILE = "Class 02/Info.plist";
				LD_RUNPATH_SEARCH_PATHS = "$(inherited) @executable_path/Frameworks";
				PRODUCT_BUNDLE_IDENTIFIER = "Capital-One.Class-02";
				PRODUCT_NAME = "$(TARGET_NAME)";
				SWIFT_VERSION = 3.0;
			};
			name = Debug;
		};
		D3DE14F31D94643100153D44 /* Release */ = {
			isa = XCBuildConfiguration;
			buildSettings = {
				ASSETCATALOG_COMPILER_APPICON_NAME = AppIcon;
				INFOPLIST_FILE = "Class 02/Info.plist";
				LD_RUNPATH_SEARCH_PATHS = "$(inherited) @executable_path/Frameworks";
				PRODUCT_BUNDLE_IDENTIFIER = "Capital-One.Class-02";
				PRODUCT_NAME = "$(TARGET_NAME)";
				SWIFT_VERSION = 3.0;
			};
			name = Release;
		};
		D3DE14F51D94643100153D44 /* Debug */ = {
			isa = XCBuildConfiguration;
			buildSettings = {
				ALWAYS_EMBED_SWIFT_STANDARD_LIBRARIES = YES;
				BUNDLE_LOADER = "$(TEST_HOST)";
				INFOPLIST_FILE = "Class 02Tests/Info.plist";
				LD_RUNPATH_SEARCH_PATHS = "$(inherited) @executable_path/Frameworks @loader_path/Frameworks";
				PRODUCT_BUNDLE_IDENTIFIER = "Capital-One.Class-02Tests";
				PRODUCT_NAME = "$(TARGET_NAME)";
				SWIFT_VERSION = 3.0;
				TEST_HOST = "$(BUILT_PRODUCTS_DIR)/Class 02.app/Class 02";
			};
			name = Debug;
		};
		D3DE14F61D94643100153D44 /* Release */ = {
			isa = XCBuildConfiguration;
			buildSettings = {
				ALWAYS_EMBED_SWIFT_STANDARD_LIBRARIES = YES;
				BUNDLE_LOADER = "$(TEST_HOST)";
				INFOPLIST_FILE = "Class 02Tests/Info.plist";
				LD_RUNPATH_SEARCH_PATHS = "$(inherited) @executable_path/Frameworks @loader_path/Frameworks";
				PRODUCT_BUNDLE_IDENTIFIER = "Capital-One.Class-02Tests";
				PRODUCT_NAME = "$(TARGET_NAME)";
				SWIFT_VERSION = 3.0;
				TEST_HOST = "$(BUILT_PRODUCTS_DIR)/Class 02.app/Class 02";
			};
			name = Release;
		};
		D3DE14F81D94643100153D44 /* Debug */ = {
			isa = XCBuildConfiguration;
			buildSettings = {
				ALWAYS_EMBED_SWIFT_STANDARD_LIBRARIES = YES;
				INFOPLIST_FILE = "Class 02UITests/Info.plist";
				LD_RUNPATH_SEARCH_PATHS = "$(inherited) @executable_path/Frameworks @loader_path/Frameworks";
				PRODUCT_BUNDLE_IDENTIFIER = "Capital-One.Class-02UITests";
				PRODUCT_NAME = "$(TARGET_NAME)";
				SWIFT_VERSION = 3.0;
				TEST_TARGET_NAME = "Class 02";
			};
			name = Debug;
		};
		D3DE14F91D94643100153D44 /* Release */ = {
			isa = XCBuildConfiguration;
			buildSettings = {
				ALWAYS_EMBED_SWIFT_STANDARD_LIBRARIES = YES;
				INFOPLIST_FILE = "Class 02UITests/Info.plist";
				LD_RUNPATH_SEARCH_PATHS = "$(inherited) @executable_path/Frameworks @loader_path/Frameworks";
				PRODUCT_BUNDLE_IDENTIFIER = "Capital-One.Class-02UITests";
				PRODUCT_NAME = "$(TARGET_NAME)";
				SWIFT_VERSION = 3.0;
				TEST_TARGET_NAME = "Class 02";
			};
			name = Release;
		};
/* End XCBuildConfiguration section */

/* Begin XCConfigurationList section */
		D3DE14C41D94643000153D44 /* Build configuration list for PBXProject "Class 02" */ = {
			isa = XCConfigurationList;
			buildConfigurations = (
				D3DE14EF1D94643100153D44 /* Debug */,
				D3DE14F01D94643100153D44 /* Release */,
			);
			defaultConfigurationIsVisible = 0;
			defaultConfigurationName = Release;
		};
		D3DE14F11D94643100153D44 /* Build configuration list for PBXNativeTarget "Class 02" */ = {
			isa = XCConfigurationList;
			buildConfigurations = (
				D3DE14F21D94643100153D44 /* Debug */,
				D3DE14F31D94643100153D44 /* Release */,
			);
			defaultConfigurationIsVisible = 0;
			defaultConfigurationName = Release;
		};
		D3DE14F41D94643100153D44 /* Build configuration list for PBXNativeTarget "Class 02Tests" */ = {
			isa = XCConfigurationList;
			buildConfigurations = (
				D3DE14F51D94643100153D44 /* Debug */,
				D3DE14F61D94643100153D44 /* Release */,
			);
			defaultConfigurationIsVisible = 0;
			defaultConfigurationName = Release;
		};
		D3DE14F71D94643100153D44 /* Build configuration list for PBXNativeTarget "Class 02UITests" */ = {
			isa = XCConfigurationList;
			buildConfigurations = (
				D3DE14F81D94643100153D44 /* Debug */,
				D3DE14F91D94643100153D44 /* Release */,
			);
			defaultConfigurationIsVisible = 0;
			defaultConfigurationName = Release;
		};
/* End XCConfigurationList section */
	};
	rootObject = D3DE14C11D94643000153D44 /* Project object */;
}
